
Microsoft Visual Studio Solution File, Format Version 12.00
# Visual Studio Version 17
VisualStudioVersion = 17.2.32630.192
MinimumVisualStudioVersion = 10.0.40219.1
Project("{9A19103F-16F7-4668-BE54-9A1E7A4F7556}") = "Rift.RiftEngine.Core", "Rift.RiftEngine.Core.csproj", "{6A75C86A-BDF9-417D-81C9-5845E37E4388}"
EndProject
Global
	GlobalSection(SolutionConfigurationPlatforms) = preSolution
		Debug|Any CPU = Debug|Any CPU
		Release|Any CPU = Release|Any CPU
	EndGlobalSection
	GlobalSection(ProjectConfigurationPlatforms) = postSolution
		{6A75C86A-BDF9-417D-81C9-5845E37E4388}.Debug|Any CPU.ActiveCfg = Debug|Any CPU
		{6A75C86A-BDF9-417D-81C9-5845E37E4388}.Debug|Any CPU.Build.0 = Debug|Any CPU
		{6A75C86A-BDF9-417D-81C9-5845E37E4388}.Release|Any CPU.ActiveCfg = Release|Any CPU
		{6A75C86A-BDF9-417D-81C9-5845E37E4388}.Release|Any CPU.Build.0 = Release|Any CPU
	EndGlobalSection
	GlobalSection(SolutionProperties) = preSolution
		HideSolutionNode = FALSE
	EndGlobalSection
	GlobalSection(ExtensibilityGlobals) = postSolution
		SolutionGuid = {309DBF03-A98B-4D3D-B011-5594D2E45E56}
	EndGlobalSection
EndGlobal
